
Microsoft Visual Studio Solution File, Format Version 12.00
# Visual Studio 15
VisualStudioVersion = 15.0.27428.2005
MinimumVisualStudioVersion = 10.0.40219.1
Project("{2150E333-8FDC-42A3-9474-1A3956D46DE8}") = "Solution Items", "Solution Items", "{53DD9533-82ED-43BB-935F-C60394EE6B2E}"
	ProjectSection(SolutionItems) = preProject
		appveyor.yml = appveyor.yml
		bug.txt = bug.txt
		expression.txt = expression.txt
		LICENSE = LICENSE
		nextVersion.txt = nextVersion.txt
		README.md = README.md
		storage.txt = storage.txt
		technology.txt = technology.txt
	EndProjectSection
EndProject
Project("{9A19103F-16F7-4668-BE54-9A1E7A4F7556}") = "RuiJi.Net.Core", "RuiJi.Net.Core\RuiJi.Net.Core.csproj", "{A1FA9138-0CFC-4B39-BF66-4591DCD2DADB}"
EndProject
Project("{9A19103F-16F7-4668-BE54-9A1E7A4F7556}") = "RuiJi.Net.Node", "RuiJi.Net.Node\RuiJi.Net.Node.csproj", "{C9493CB3-8247-453D-8B29-04E002CCEBD4}"
EndProject
Project("{9A19103F-16F7-4668-BE54-9A1E7A4F7556}") = "RuiJi.Net.NodeVisitor", "RuiJi.Net.NodeVisitor\RuiJi.Net.NodeVisitor.csproj", "{1922D013-CBEC-4A8F-BADE-D54E33F31DD6}"
EndProject
Project("{9A19103F-16F7-4668-BE54-9A1E7A4F7556}") = "RuiJi.Net.Owin", "RuiJi.Net.Owin\RuiJi.Net.Owin.csproj", "{94457779-DB33-483F-A9F9-F0DBF92FA5E3}"
EndProject
Project("{9A19103F-16F7-4668-BE54-9A1E7A4F7556}") = "RuiJi.Net.Storage", "RuiJi.Net.Storage\RuiJi.Net.Storage.csproj", "{5C07096A-7DC1-4E2B-ADE8-2CBE740A541D}"
EndProject
Project("{9A19103F-16F7-4668-BE54-9A1E7A4F7556}") = "RuiJi.Net.Cmd", "RuiJi.Net.Cmd\RuiJi.Net.Cmd.csproj", "{E677819E-2416-45DB-AFE9-F2C798D2829C}"
EndProject
Project("{9A19103F-16F7-4668-BE54-9A1E7A4F7556}") = "RuiJi.Net.Test", "RuiJi.Net.Test\RuiJi.Net.Test.csproj", "{4336DEAE-9335-4741-865A-A13C8DF9ED73}"
EndProject
Global
	GlobalSection(SolutionConfigurationPlatforms) = preSolution
		Debug|Any CPU = Debug|Any CPU
		Release|Any CPU = Release|Any CPU
	EndGlobalSection
	GlobalSection(ProjectConfigurationPlatforms) = postSolution
		{A1FA9138-0CFC-4B39-BF66-4591DCD2DADB}.Debug|Any CPU.ActiveCfg = Debug|Any CPU
		{A1FA9138-0CFC-4B39-BF66-4591DCD2DADB}.Debug|Any CPU.Build.0 = Debug|Any CPU
		{A1FA9138-0CFC-4B39-BF66-4591DCD2DADB}.Release|Any CPU.ActiveCfg = Release|Any CPU
		{A1FA9138-0CFC-4B39-BF66-4591DCD2DADB}.Release|Any CPU.Build.0 = Release|Any CPU
		{C9493CB3-8247-453D-8B29-04E002CCEBD4}.Debug|Any CPU.ActiveCfg = Debug|Any CPU
		{C9493CB3-8247-453D-8B29-04E002CCEBD4}.Debug|Any CPU.Build.0 = Debug|Any CPU
		{C9493CB3-8247-453D-8B29-04E002CCEBD4}.Release|Any CPU.ActiveCfg = Release|Any CPU
		{C9493CB3-8247-453D-8B29-04E002CCEBD4}.Release|Any CPU.Build.0 = Release|Any CPU
		{1922D013-CBEC-4A8F-BADE-D54E33F31DD6}.Debug|Any CPU.ActiveCfg = Debug|Any CPU
		{1922D013-CBEC-4A8F-BADE-D54E33F31DD6}.Debug|Any CPU.Build.0 = Debug|Any CPU
		{1922D013-CBEC-4A8F-BADE-D54E33F31DD6}.Release|Any CPU.ActiveCfg = Release|Any CPU
		{1922D013-CBEC-4A8F-BADE-D54E33F31DD6}.Release|Any CPU.Build.0 = Release|Any CPU
		{94457779-DB33-483F-A9F9-F0DBF92FA5E3}.Debug|Any CPU.ActiveCfg = Debug|Any CPU
		{94457779-DB33-483F-A9F9-F0DBF92FA5E3}.Debug|Any CPU.Build.0 = Debug|Any CPU
		{94457779-DB33-483F-A9F9-F0DBF92FA5E3}.Release|Any CPU.ActiveCfg = Release|Any CPU
		{94457779-DB33-483F-A9F9-F0DBF92FA5E3}.Release|Any CPU.Build.0 = Release|Any CPU
		{5C07096A-7DC1-4E2B-ADE8-2CBE740A541D}.Debug|Any CPU.ActiveCfg = Debug|Any CPU
		{5C07096A-7DC1-4E2B-ADE8-2CBE740A541D}.Debug|Any CPU.Build.0 = Debug|Any CPU
		{5C07096A-7DC1-4E2B-ADE8-2CBE740A541D}.Release|Any CPU.ActiveCfg = Release|Any CPU
		{5C07096A-7DC1-4E2B-ADE8-2CBE740A541D}.Release|Any CPU.Build.0 = Release|Any CPU
		{E677819E-2416-45DB-AFE9-F2C798D2829C}.Debug|Any CPU.ActiveCfg = Debug|Any CPU
		{E677819E-2416-45DB-AFE9-F2C798D2829C}.Debug|Any CPU.Build.0 = Debug|Any CPU
		{E677819E-2416-45DB-AFE9-F2C798D2829C}.Release|Any CPU.ActiveCfg = Release|Any CPU
		{E677819E-2416-45DB-AFE9-F2C798D2829C}.Release|Any CPU.Build.0 = Release|Any CPU
		{4336DEAE-9335-4741-865A-A13C8DF9ED73}.Debug|Any CPU.ActiveCfg = Debug|Any CPU
		{4336DEAE-9335-4741-865A-A13C8DF9ED73}.Debug|Any CPU.Build.0 = Debug|Any CPU
		{4336DEAE-9335-4741-865A-A13C8DF9ED73}.Release|Any CPU.ActiveCfg = Release|Any CPU
		{4336DEAE-9335-4741-865A-A13C8DF9ED73}.Release|Any CPU.Build.0 = Release|Any CPU
	EndGlobalSection
	GlobalSection(SolutionProperties) = preSolution
		HideSolutionNode = FALSE
	EndGlobalSection
	GlobalSection(ExtensibilityGlobals) = postSolution
		SolutionGuid = {834EA42F-75D3-4A0B-B97E-7528C47B9B58}
	EndGlobalSection
EndGlobal
