
Microsoft Visual Studio Solution File, Format Version 12.00
# Visual Studio 15
VisualStudioVersion = 15.0.27428.2005
MinimumVisualStudioVersion = 10.0.40219.1
Project("{FAE04EC0-301F-11D3-BF4B-00C04F79EFBC}") = "RuiJi.Core", "RuiJi.Core\RuiJi.Core.csproj", "{A27677E3-1CE8-4A8C-B041-9F7A812546F2}"
EndProject
Project("{FAE04EC0-301F-11D3-BF4B-00C04F79EFBC}") = "RuiJi.Cmd", "RuiJi.Cmd\RuiJi.Cmd.csproj", "{38676AB4-4262-4CCE-8AE5-C67694C1A376}"
EndProject
Project("{FAE04EC0-301F-11D3-BF4B-00C04F79EFBC}") = "RuiJi.Owin", "RuiJi.Owin\RuiJi.Owin.csproj", "{0E98716C-4A38-45D4-8B53-7705A342AA42}"
EndProject
Project("{FAE04EC0-301F-11D3-BF4B-00C04F79EFBC}") = "RuiJi.Node", "RuiJi.Node\RuiJi.Node.csproj", "{97673817-F983-4CE8-919E-D2E43E46144C}"
EndProject
Project("{FAE04EC0-301F-11D3-BF4B-00C04F79EFBC}") = "RuiJi.ChromePlugin", "RuiJi.ChromePlugin\RuiJi.ChromePlugin.csproj", "{524EECEB-E3D1-4921-9D3C-3EDAF039EAFB}"
EndProject
Project("{2150E333-8FDC-42A3-9474-1A3956D46DE8}") = "Solution Items", "Solution Items", "{53DD9533-82ED-43BB-935F-C60394EE6B2E}"
	ProjectSection(SolutionItems) = preProject
		C:\Users\朱平齐\Desktop\extract_structure.png = C:\Users\朱平齐\Desktop\extract_structure.png
		LICENSE.txt = LICENSE.txt
		README.md = README.md
		technology.txt = technology.txt
	EndProjectSection
EndProject
Project("{FAE04EC0-301F-11D3-BF4B-00C04F79EFBC}") = "RuiJi.Net", "RuiJi.Net\RuiJi.Net.csproj", "{934BEB73-E7C2-4C70-B697-A5FB2066C17E}"
EndProject
Project("{FAE04EC0-301F-11D3-BF4B-00C04F79EFBC}") = "RuiJi.Net.Test", "RuiJi.Net.Test\RuiJi.Net.Test.csproj", "{58F8B8EC-F5DB-4653-84DF-BF4C81ACA8ED}"
EndProject
Global
	GlobalSection(SolutionConfigurationPlatforms) = preSolution
		Debug|Any CPU = Debug|Any CPU
		Release|Any CPU = Release|Any CPU
	EndGlobalSection
	GlobalSection(ProjectConfigurationPlatforms) = postSolution
		{A27677E3-1CE8-4A8C-B041-9F7A812546F2}.Debug|Any CPU.ActiveCfg = Debug|Any CPU
		{A27677E3-1CE8-4A8C-B041-9F7A812546F2}.Debug|Any CPU.Build.0 = Debug|Any CPU
		{A27677E3-1CE8-4A8C-B041-9F7A812546F2}.Release|Any CPU.ActiveCfg = Release|Any CPU
		{A27677E3-1CE8-4A8C-B041-9F7A812546F2}.Release|Any CPU.Build.0 = Release|Any CPU
		{38676AB4-4262-4CCE-8AE5-C67694C1A376}.Debug|Any CPU.ActiveCfg = Debug|Any CPU
		{38676AB4-4262-4CCE-8AE5-C67694C1A376}.Debug|Any CPU.Build.0 = Debug|Any CPU
		{38676AB4-4262-4CCE-8AE5-C67694C1A376}.Release|Any CPU.ActiveCfg = Release|Any CPU
		{38676AB4-4262-4CCE-8AE5-C67694C1A376}.Release|Any CPU.Build.0 = Release|Any CPU
		{0E98716C-4A38-45D4-8B53-7705A342AA42}.Debug|Any CPU.ActiveCfg = Debug|Any CPU
		{0E98716C-4A38-45D4-8B53-7705A342AA42}.Debug|Any CPU.Build.0 = Debug|Any CPU
		{0E98716C-4A38-45D4-8B53-7705A342AA42}.Release|Any CPU.ActiveCfg = Release|Any CPU
		{0E98716C-4A38-45D4-8B53-7705A342AA42}.Release|Any CPU.Build.0 = Release|Any CPU
		{97673817-F983-4CE8-919E-D2E43E46144C}.Debug|Any CPU.ActiveCfg = Debug|Any CPU
		{97673817-F983-4CE8-919E-D2E43E46144C}.Debug|Any CPU.Build.0 = Debug|Any CPU
		{97673817-F983-4CE8-919E-D2E43E46144C}.Release|Any CPU.ActiveCfg = Release|Any CPU
		{97673817-F983-4CE8-919E-D2E43E46144C}.Release|Any CPU.Build.0 = Release|Any CPU
		{524EECEB-E3D1-4921-9D3C-3EDAF039EAFB}.Debug|Any CPU.ActiveCfg = Debug|Any CPU
		{524EECEB-E3D1-4921-9D3C-3EDAF039EAFB}.Debug|Any CPU.Build.0 = Debug|Any CPU
		{524EECEB-E3D1-4921-9D3C-3EDAF039EAFB}.Release|Any CPU.ActiveCfg = Release|Any CPU
		{524EECEB-E3D1-4921-9D3C-3EDAF039EAFB}.Release|Any CPU.Build.0 = Release|Any CPU
		{934BEB73-E7C2-4C70-B697-A5FB2066C17E}.Debug|Any CPU.ActiveCfg = Debug|Any CPU
		{934BEB73-E7C2-4C70-B697-A5FB2066C17E}.Debug|Any CPU.Build.0 = Debug|Any CPU
		{934BEB73-E7C2-4C70-B697-A5FB2066C17E}.Release|Any CPU.ActiveCfg = Release|Any CPU
		{934BEB73-E7C2-4C70-B697-A5FB2066C17E}.Release|Any CPU.Build.0 = Release|Any CPU
		{58F8B8EC-F5DB-4653-84DF-BF4C81ACA8ED}.Debug|Any CPU.ActiveCfg = Debug|Any CPU
		{58F8B8EC-F5DB-4653-84DF-BF4C81ACA8ED}.Debug|Any CPU.Build.0 = Debug|Any CPU
		{58F8B8EC-F5DB-4653-84DF-BF4C81ACA8ED}.Release|Any CPU.ActiveCfg = Release|Any CPU
		{58F8B8EC-F5DB-4653-84DF-BF4C81ACA8ED}.Release|Any CPU.Build.0 = Release|Any CPU
	EndGlobalSection
	GlobalSection(SolutionProperties) = preSolution
		HideSolutionNode = FALSE
	EndGlobalSection
	GlobalSection(ExtensibilityGlobals) = postSolution
		SolutionGuid = {834EA42F-75D3-4A0B-B97E-7528C47B9B58}
	EndGlobalSection
EndGlobal
